
Microsoft Visual Studio Solution File, Format Version 12.00
# Visual Studio Version 16
VisualStudioVersion = 16.0.29411.108
MinimumVisualStudioVersion = 10.0.40219.1
Project("{9A19103F-16F7-4668-BE54-9A1E7A4F7556}") = "Sample02", "Sample02.csproj", "{79F88AE2-0E83-44EF-AF86-1AE0E4ECDCAB}"
EndProject
Global
	GlobalSection(SolutionConfigurationPlatforms) = preSolution
		Debug|Any CPU = Debug|Any CPU
		Release|Any CPU = Release|Any CPU
	EndGlobalSection
	GlobalSection(ProjectConfigurationPlatforms) = postSolution
		{79F88AE2-0E83-44EF-AF86-1AE0E4ECDCAB}.Debug|Any CPU.ActiveCfg = Debug|Any CPU
		{79F88AE2-0E83-44EF-AF86-1AE0E4ECDCAB}.Debug|Any CPU.Build.0 = Debug|Any CPU
		{79F88AE2-0E83-44EF-AF86-1AE0E4ECDCAB}.Release|Any CPU.ActiveCfg = Release|Any CPU
		{79F88AE2-0E83-44EF-AF86-1AE0E4ECDCAB}.Release|Any CPU.Build.0 = Release|Any CPU
	EndGlobalSection
	GlobalSection(SolutionProperties) = preSolution
		HideSolutionNode = FALSE
	EndGlobalSection
	GlobalSection(ExtensibilityGlobals) = postSolution
		SolutionGuid = {98102012-DC93-4999-9FAF-17F030E0A086}
	EndGlobalSection
EndGlobal
